
Microsoft Visual Studio Solution File, Format Version 12.00
# Visual Studio Version 17
VisualStudioVersion = 17.7.34031.279
MinimumVisualStudioVersion = 10.0.40219.1
Project("{FAE04EC0-301F-11D3-BF4B-00C04F79EFBC}") = "GeneriekeCollecties", "GeneriekeCollecties.csproj", "{58E756AC-E1C6-481D-A611-2CD1F25E0F1C}"
EndProject
Global
	GlobalSection(SolutionConfigurationPlatforms) = preSolution
		Debug|Any CPU = Debug|Any CPU
		Release|Any CPU = Release|Any CPU
	EndGlobalSection
	GlobalSection(ProjectConfigurationPlatforms) = postSolution
		{58E756AC-E1C6-481D-A611-2CD1F25E0F1C}.Debug|Any CPU.ActiveCfg = Debug|Any CPU
		{58E756AC-E1C6-481D-A611-2CD1F25E0F1C}.Debug|Any CPU.Build.0 = Debug|Any CPU
		{58E756AC-E1C6-481D-A611-2CD1F25E0F1C}.Release|Any CPU.ActiveCfg = Release|Any CPU
		{58E756AC-E1C6-481D-A611-2CD1F25E0F1C}.Release|Any CPU.Build.0 = Release|Any CPU
	EndGlobalSection
	GlobalSection(SolutionProperties) = preSolution
		HideSolutionNode = FALSE
	EndGlobalSection
	GlobalSection(ExtensibilityGlobals) = postSolution
		SolutionGuid = {7132AE1C-D63B-4DD4-BEE7-64FA28366341}
	EndGlobalSection
EndGlobal
